
Microsoft Visual Studio Solution File, Format Version 12.00
# Visual Studio Version 17
VisualStudioVersion = 17.1.32328.378
MinimumVisualStudioVersion = 10.0.40219.1
Project("{FAE04EC0-301F-11D3-BF4B-00C04F79EFBC}") = "WebApplication3", "WebApplication3\WebApplication3.csproj", "{4E35C624-8DAC-427E-A637-31AC179D4ABD}"
EndProject
Global
	GlobalSection(SolutionConfigurationPlatforms) = preSolution
		Debug|Any CPU = Debug|Any CPU
		Release|Any CPU = Release|Any CPU
	EndGlobalSection
	GlobalSection(ProjectConfigurationPlatforms) = postSolution
		{4E35C624-8DAC-427E-A637-31AC179D4ABD}.Debug|Any CPU.ActiveCfg = Debug|Any CPU
		{4E35C624-8DAC-427E-A637-31AC179D4ABD}.Debug|Any CPU.Build.0 = Debug|Any CPU
		{4E35C624-8DAC-427E-A637-31AC179D4ABD}.Release|Any CPU.ActiveCfg = Release|Any CPU
		{4E35C624-8DAC-427E-A637-31AC179D4ABD}.Release|Any CPU.Build.0 = Release|Any CPU
	EndGlobalSection
	GlobalSection(SolutionProperties) = preSolution
		HideSolutionNode = FALSE
	EndGlobalSection
	GlobalSection(ExtensibilityGlobals) = postSolution
		SolutionGuid = {C97FE121-CBAE-4451-8E24-ED83F36DE059}
	EndGlobalSection
EndGlobal
